{
  "name": "release-flow-demo",
  "lockfileVersion": 3,
  "requires": true,
  "packages": {
    "": {
      "name": "release-flow-demo",
      "dependencies": {
        "postgres": "3.4.7"
      },
      "devDependencies": {
        "squawk-cli": "2.68.0"
      },
      "engines": {
        "node": "22.x"
      }
    },
    "node_modules/@squawk-cli/darwin-arm64": {
      "version": "2.68.0",
      "resolved": "https://registry.npmjs.org/@squawk-cli/darwin-arm64/-/darwin-arm64-2.68.0.tgz",
      "integrity": "sha512-MDe5/uRqkoBvU4MVzPwRJZHoRxZ78vNhyYeoy/0mZKhZz64xH6zQozoJBM7W9pspHGjBQ2u+tEVf30gurBGS9A==",
      "cpu": [
        "arm64"
      ],
      "dev": true,
      "license": "(Apache-2.0 OR MIT)",
      "optional": true,
      "os": [
        "darwin"
      ]
    },
    "node_modules/@squawk-cli/darwin-x64": {
      "version": "2.68.0",
      "resolved": "https://registry.npmjs.org/@squawk-cli/darwin-x64/-/darwin-x64-2.68.0.tgz",
      "integrity": "sha512-NTuclGY2a/9H6jfGbxot401sdQH3su4MbQeBNrXY/EeH3CUKQtOXSyI6vMvR4wQut6lc/uU3TpofK2CVM8YpEA==",
      "cpu": [
        "x64"
      ],
      "dev": true,
      "license": "(Apache-2.0 OR MIT)",
      "optional": true,
      "os": [
        "darwin"
      ]
    },
    "node_modules/@squawk-cli/linux-arm64": {
      "version": "2.68.0",
      "resolved": "https://registry.npmjs.org/@squawk-cli/linux-arm64/-/linux-arm64-2.68.0.tgz",
      "integrity": "sha512-//HDEdhO4QSFY8VPvPfYBEcSgXaa4wyycyLSvdvJ9uC03REGy+0UvYZyGZy1qOwnoIoVr8aWukZ9b68Lsz0mtg==",
      "cpu": [
        "arm64"
      ],
      "dev": true,
      "license": "(Apache-2.0 OR MIT)",
      "optional": true,
      "os": [
        "linux"
      ]
    },
    "node_modules/@squawk-cli/linux-arm64-musl": {
      "version": "2.68.0",
      "resolved": "https://registry.npmjs.org/@squawk-cli/linux-arm64-musl/-/linux-arm64-musl-2.68.0.tgz",
      "integrity": "sha512-JbvhsK9WxLWN0eDUO8skclUKhn9qIcYPmAakiFrmnAKqvhCzwzBvVnQX1E5Y+BduaFJpap36eJq/4gEzVSHJ/g==",
      "cpu": [
        "arm64"
      ],
      "dev": true,
      "license": "(Apache-2.0 OR MIT)",
      "optional": true,
      "os": [
        "linux"
      ]
    },
    "node_modules/@squawk-cli/linux-x64": {
      "version": "2.68.0",
      "resolved": "https://registry.npmjs.org/@squawk-cli/linux-x64/-/linux-x64-2.68.0.tgz",
      "integrity": "sha512-by8mRyKmVCrJ42fV3/wcAD8KdsupMHWIT/9ubmwxKHrl9TDetDgOtOo4xQKfND5n2RH5yBBsjgW1ailOgSl3QQ==",
      "cpu": [
        "x64"
      ],
      "dev": true,
      "license": "(Apache-2.0 OR MIT)",
      "optional": true,
      "os": [
        "linux"
      ]
    },
    "node_modules/@squawk-cli/linux-x64-musl": {
      "version": "2.68.0",
      "resolved": "https://registry.npmjs.org/@squawk-cli/linux-x64-musl/-/linux-x64-musl-2.68.0.tgz",
      "integrity": "sha512-kBwXlCFhIRNaJaLN+gtI9pi4zS6p1QgVvD2Gf5yyQ3Z3tv5dzCZ0FcMETcxwE2CW+2Wa1lnevy0OUWktc0+Btw==",
      "cpu": [
        "x64"
      ],
      "dev": true,
      "license": "(Apache-2.0 OR MIT)",
      "optional": true,
      "os": [
        "linux"
      ]
    },
    "node_modules/@squawk-cli/win32-x64": {
      "version": "2.68.0",
      "resolved": "https://registry.npmjs.org/@squawk-cli/win32-x64/-/win32-x64-2.68.0.tgz",
      "integrity": "sha512-++jd0uZ1UatYzdBz4wao8Ip525xjDTbvx+pJK+A21yeKfXZQTaB0RJXsIae7cofSFOgRAXvwVzlzK8PWzlpjsg==",
      "cpu": [
        "x64"
      ],
      "dev": true,
      "license": "(Apache-2.0 OR MIT)",
      "optional": true,
      "os": [
        "win32"
      ]
    },
    "node_modules/postgres": {
      "version": "3.4.7",
      "resolved": "https://registry.npmjs.org/postgres/-/postgres-3.4.7.tgz",
      "integrity": "sha512-Jtc2612XINuBjIl/QTWsV5UvE8UHuNblcO3vVADSrKsrc6RqGX6lOW1cEo3CM2v0XG4Nat8nI+YM7/f26VxXLw==",
      "license": "Unlicense",
      "engines": {
        "node": ">=12"
      },
      "funding": {
        "type": "individual",
        "url": "https://github.com/sponsors/porsager"
      }
    },
    "node_modules/squawk-cli": {
      "version": "2.68.0",
      "resolved": "https://registry.npmjs.org/squawk-cli/-/squawk-cli-2.68.0.tgz",
      "integrity": "sha512-hH+pvEPxPutJ1zDDP1DOY5sJv7wAngPAEW33Flta18yB1+/nLifbRTYpMvHHXtNneJIPZHHo941sc/mPzP8wQw==",
      "dev": true,
      "license": "(Apache-2.0 OR MIT)",
      "bin": {
        "squawk": "js/bin/squawk"
      },
      "optionalDependencies": {
        "@squawk-cli/darwin-arm64": "2.68.0",
        "@squawk-cli/darwin-x64": "2.68.0",
        "@squawk-cli/linux-arm64": "2.68.0",
        "@squawk-cli/linux-arm64-musl": "2.68.0",
        "@squawk-cli/linux-x64": "2.68.0",
        "@squawk-cli/linux-x64-musl": "2.68.0",
        "@squawk-cli/win32-x64": "2.68.0"
      }
    }
  }
}
